// !$*UTF8*$!
{
	archiveVersion = 1;
	classes = {
	};
	objectVersion = 46;
	objects = {

/* Begin PBXBuildFile section */
		14CC5FF31C8FBFFB0007BB74 /* Artist.m in Sources */ = {isa = PBXBuildFile; fileRef = 14CC5FF21C8FBFFB0007BB74 /* Artist.m */; };
		14CC5FF61C8FC0060007BB74 /* Album.m in Sources */ = {isa = PBXBuildFile; fileRef = 14CC5FF51C8FC0060007BB74 /* Album.m */; };
		14CC5FF91C8FC0160007BB74 /* Track.m in Sources */ = {isa = PBXBuildFile; fileRef = 14CC5FF81C8FC0160007BB74 /* Track.m */; };
		14CC60001C8FC2170007BB74 /* DataStore.m in Sources */ = {isa = PBXBuildFile; fileRef = 14CC5FFF1C8FC2170007BB74 /* DataStore.m */; };
		1B757B011C921796006CB185 /* ThemeManager.m in Sources */ = {isa = PBXBuildFile; fileRef = 1B757B001C921796006CB185 /* ThemeManager.m */; };
		1B757B041C933D16006CB185 /* ArtistCollectionViewCell.m in Sources */ = {isa = PBXBuildFile; fileRef = 1B757B031C933D16006CB185 /* ArtistCollectionViewCell.m */; };
		5EA617551C90DF9600B086A6 /* APIController.m in Sources */ = {isa = PBXBuildFile; fileRef = 5EA617541C90DF9600B086A6 /* APIController.m */; };
		5EA6175B1C90E00800B086A6 /* Main.storyboard in Resources */ = {isa = PBXBuildFile; fileRef = 5EA617591C90E00800B086A6 /* Main.storyboard */; };
		CAF430F71C8F95BD006129C0 /* main.m in Sources */ = {isa = PBXBuildFile; fileRef = CAF430F61C8F95BD006129C0 /* main.m */; };
		CAF430FA1C8F95BD006129C0 /* AppDelegate.m in Sources */ = {isa = PBXBuildFile; fileRef = CAF430F91C8F95BD006129C0 /* AppDelegate.m */; };
		CAF430FD1C8F95BD006129C0 /* FirstViewController.m in Sources */ = {isa = PBXBuildFile; fileRef = CAF430FC1C8F95BD006129C0 /* FirstViewController.m */; };
		CAF431001C8F95BD006129C0 /* SecondViewController.m in Sources */ = {isa = PBXBuildFile; fileRef = CAF430FF1C8F95BD006129C0 /* SecondViewController.m */; };
		CAF431051C8F95BD006129C0 /* Assets.xcassets in Resources */ = {isa = PBXBuildFile; fileRef = CAF431041C8F95BD006129C0 /* Assets.xcassets */; };
		CAF431081C8F95BD006129C0 /* LaunchScreen.storyboard in Resources */ = {isa = PBXBuildFile; fileRef = CAF431061C8F95BD006129C0 /* LaunchScreen.storyboard */; };
		CAF431111C91F05B006129C0 /* TopTracksViewController.m in Sources */ = {isa = PBXBuildFile; fileRef = CAF431101C91F05B006129C0 /* TopTracksViewController.m */; };
		CAF431141C9666C2006129C0 /* AlbumCollectionViewCell.m in Sources */ = {isa = PBXBuildFile; fileRef = CAF431131C9666C2006129C0 /* AlbumCollectionViewCell.m */; };
		CAF431171C966B50006129C0 /* SettingsViewController.m in Sources */ = {isa = PBXBuildFile; fileRef = CAF431161C966B50006129C0 /* SettingsViewController.m */; };
		CAF4311A1C967115006129C0 /* TrackTableViewCell.m in Sources */ = {isa = PBXBuildFile; fileRef = CAF431191C967115006129C0 /* TrackTableViewCell.m */; };
/* End PBXBuildFile section */

/* Begin PBXFileReference section */
		14BF23CA1C97516B00148463 /* Constants.h */ = {isa = PBXFileReference; lastKnownFileType = sourcecode.c.h; path = Constants.h; sourceTree = "<group>"; };
		14CC5FF11C8FBFFB0007BB74 /* Artist.h */ = {isa = PBXFileReference; fileEncoding = 4; lastKnownFileType = sourcecode.c.h; path = Artist.h; sourceTree = "<group>"; };
		14CC5FF21C8FBFFB0007BB74 /* Artist.m */ = {isa = PBXFileReference; fileEncoding = 4; lastKnownFileType = sourcecode.c.objc; path = Artist.m; sourceTree = "<group>"; };
		14CC5FF41C8FC0060007BB74 /* Album.h */ = {isa = PBXFileReference; fileEncoding = 4; lastKnownFileType = sourcecode.c.h; path = Album.h; sourceTree = "<group>"; };
		14CC5FF51C8FC0060007BB74 /* Album.m */ = {isa = PBXFileReference; fileEncoding = 4; lastKnownFileType = sourcecode.c.objc; path = Album.m; sourceTree = "<group>"; };
		14CC5FF71C8FC0160007BB74 /* Track.h */ = {isa = PBXFileReference; fileEncoding = 4; lastKnownFileType = sourcecode.c.h; path = Track.h; sourceTree = "<group>"; };
		14CC5FF81C8FC0160007BB74 /* Track.m */ = {isa = PBXFileReference; fileEncoding = 4; lastKnownFileType = sourcecode.c.objc; path = Track.m; sourceTree = "<group>"; };
		14CC5FFE1C8FC2170007BB74 /* DataStore.h */ = {isa = PBXFileReference; fileEncoding = 4; lastKnownFileType = sourcecode.c.h; path = DataStore.h; sourceTree = "<group>"; };
		14CC5FFF1C8FC2170007BB74 /* DataStore.m */ = {isa = PBXFileReference; fileEncoding = 4; lastKnownFileType = sourcecode.c.objc; path = DataStore.m; sourceTree = "<group>"; };
		1B757AFF1C921796006CB185 /* ThemeManager.h */ = {isa = PBXFileReference; fileEncoding = 4; lastKnownFileType = sourcecode.c.h; path = ThemeManager.h; sourceTree = "<group>"; };
		1B757B001C921796006CB185 /* ThemeManager.m */ = {isa = PBXFileReference; fileEncoding = 4; lastKnownFileType = sourcecode.c.objc; path = ThemeManager.m; sourceTree = "<group>"; };
		1B757B021C933D16006CB185 /* ArtistCollectionViewCell.h */ = {isa = PBXFileReference; fileEncoding = 4; lastKnownFileType = sourcecode.c.h; path = ArtistCollectionViewCell.h; sourceTree = "<group>"; };
		1B757B031C933D16006CB185 /* ArtistCollectionViewCell.m */ = {isa = PBXFileReference; fileEncoding = 4; lastKnownFileType = sourcecode.c.objc; path = ArtistCollectionViewCell.m; sourceTree = "<group>"; };
		5EA617531C90DF9600B086A6 /* APIController.h */ = {isa = PBXFileReference; fileEncoding = 4; lastKnownFileType = sourcecode.c.h; path = APIController.h; sourceTree = "<group>"; };
		5EA617541C90DF9600B086A6 /* APIController.m */ = {isa = PBXFileReference; fileEncoding = 4; lastKnownFileType = sourcecode.c.objc; path = APIController.m; sourceTree = "<group>"; };
		5EA6175A1C90E00800B086A6 /* Base */ = {isa = PBXFileReference; lastKnownFileType = file.storyboard; name = Base; path = Base.lproj/Main.storyboard; sourceTree = "<group>"; };
		CAF430F21C8F95BD006129C0 /* Spotifiron-TabView.app */ = {isa = PBXFileReference; explicitFileType = wrapper.application; includeInIndex = 0; path = "Spotifiron-TabView.app"; sourceTree = BUILT_PRODUCTS_DIR; };
		CAF430F61C8F95BD006129C0 /* main.m */ = {isa = PBXFileReference; lastKnownFileType = sourcecode.c.objc; path = main.m; sourceTree = "<group>"; };
		CAF430F81C8F95BD006129C0 /* AppDelegate.h */ = {isa = PBXFileReference; lastKnownFileType = sourcecode.c.h; path = AppDelegate.h; sourceTree = "<group>"; };
		CAF430F91C8F95BD006129C0 /* AppDelegate.m */ = {isa = PBXFileReference; lastKnownFileType = sourcecode.c.objc; path = AppDelegate.m; sourceTree = "<group>"; };
		CAF430FB1C8F95BD006129C0 /* FirstViewController.h */ = {isa = PBXFileReference; lastKnownFileType = sourcecode.c.h; path = FirstViewController.h; sourceTree = "<group>"; };
		CAF430FC1C8F95BD006129C0 /* FirstViewController.m */ = {isa = PBXFileReference; lastKnownFileType = sourcecode.c.objc; path = FirstViewController.m; sourceTree = "<group>"; };
		CAF430FE1C8F95BD006129C0 /* SecondViewController.h */ = {isa = PBXFileReference; lastKnownFileType = sourcecode.c.h; path = SecondViewController.h; sourceTree = "<group>"; };
		CAF430FF1C8F95BD006129C0 /* SecondViewController.m */ = {isa = PBXFileReference; lastKnownFileType = sourcecode.c.objc; path = SecondViewController.m; sourceTree = "<group>"; };
		CAF431041C8F95BD006129C0 /* Assets.xcassets */ = {isa = PBXFileReference; lastKnownFileType = folder.assetcatalog; path = Assets.xcassets; sourceTree = "<group>"; };
		CAF431071C8F95BD006129C0 /* Base */ = {isa = PBXFileReference; lastKnownFileType = file.storyboard; name = Base; path = Base.lproj/LaunchScreen.storyboard; sourceTree = "<group>"; };
		CAF431091C8F95BD006129C0 /* Info.plist */ = {isa = PBXFileReference; lastKnownFileType = text.plist.xml; path = Info.plist; sourceTree = "<group>"; };
		CAF4310F1C91F05B006129C0 /* TopTracksViewController.h */ = {isa = PBXFileReference; fileEncoding = 4; lastKnownFileType = sourcecode.c.h; path = TopTracksViewController.h; sourceTree = "<group>"; };
		CAF431101C91F05B006129C0 /* TopTracksViewController.m */ = {isa = PBXFileReference; fileEncoding = 4; lastKnownFileType = sourcecode.c.objc; path = TopTracksViewController.m; sourceTree = "<group>"; };
		CAF431121C9666C2006129C0 /* AlbumCollectionViewCell.h */ = {isa = PBXFileReference; fileEncoding = 4; lastKnownFileType = sourcecode.c.h; path = AlbumCollectionViewCell.h; sourceTree = "<group>"; };
		CAF431131C9666C2006129C0 /* AlbumCollectionViewCell.m */ = {isa = PBXFileReference; fileEncoding = 4; lastKnownFileType = sourcecode.c.objc; path = AlbumCollectionViewCell.m; sourceTree = "<group>"; };
		CAF431151C966B50006129C0 /* SettingsViewController.h */ = {isa = PBXFileReference; fileEncoding = 4; lastKnownFileType = sourcecode.c.h; path = SettingsViewController.h; sourceTree = "<group>"; };
		CAF431161C966B50006129C0 /* SettingsViewController.m */ = {isa = PBXFileReference; fileEncoding = 4; lastKnownFileType = sourcecode.c.objc; path = SettingsViewController.m; sourceTree = "<group>"; };
		CAF431181C967115006129C0 /* TrackTableViewCell.h */ = {isa = PBXFileReference; fileEncoding = 4; lastKnownFileType = sourcecode.c.h; path = TrackTableViewCell.h; sourceTree = "<group>"; };
		CAF431191C967115006129C0 /* TrackTableViewCell.m */ = {isa = PBXFileReference; fileEncoding = 4; lastKnownFileType = sourcecode.c.objc; path = TrackTableViewCell.m; sourceTree = "<group>"; };
/* End PBXFileReference section */

/* Begin PBXFrameworksBuildPhase section */
		CAF430EF1C8F95BD006129C0 /* Frameworks */ = {
			isa = PBXFrameworksBuildPhase;
			buildActionMask = 2147483647;
			files = (
			);
			runOnlyForDeploymentPostprocessing = 0;
		};
/* End PBXFrameworksBuildPhase section */

/* Begin PBXGroup section */
		14CC5FFA1C8FC0210007BB74 /* Models */ = {
			isa = PBXGroup;
			children = (
				14CC5FF11C8FBFFB0007BB74 /* Artist.h */,
				14CC5FF21C8FBFFB0007BB74 /* Artist.m */,
				14CC5FF41C8FC0060007BB74 /* Album.h */,
				14CC5FF51C8FC0060007BB74 /* Album.m */,
				14CC5FF71C8FC0160007BB74 /* Track.h */,
				14CC5FF81C8FC0160007BB74 /* Track.m */,
			);
			name = Models;
			sourceTree = "<group>";
		};
		14CC60011C8FC21F0007BB74 /* Controllers */ = {
			isa = PBXGroup;
			children = (
				1B757AFF1C921796006CB185 /* ThemeManager.h */,
				1B757B001C921796006CB185 /* ThemeManager.m */,
				5EA617531C90DF9600B086A6 /* APIController.h */,
				5EA617541C90DF9600B086A6 /* APIController.m */,
				14CC5FFE1C8FC2170007BB74 /* DataStore.h */,
				14CC5FFF1C8FC2170007BB74 /* DataStore.m */,
			);
			name = Controllers;
			sourceTree = "<group>";
		};
		14CC60021C8FC22E0007BB74 /* View Controllers */ = {
			isa = PBXGroup;
			children = (
				CAF430FB1C8F95BD006129C0 /* FirstViewController.h */,
				CAF430FC1C8F95BD006129C0 /* FirstViewController.m */,
				CAF430FE1C8F95BD006129C0 /* SecondViewController.h */,
				CAF430FF1C8F95BD006129C0 /* SecondViewController.m */,
				CAF4310F1C91F05B006129C0 /* TopTracksViewController.h */,
				CAF431101C91F05B006129C0 /* TopTracksViewController.m */,
				CAF431151C966B50006129C0 /* SettingsViewController.h */,
				CAF431161C966B50006129C0 /* SettingsViewController.m */,
				5E8C6D771C975419009487BB /* TableViewCells */,
			);
			name = "View Controllers";
			sourceTree = "<group>";
		};
		5E8C6D771C975419009487BB /* TableViewCells */ = {
			isa = PBXGroup;
			children = (
				1B757B021C933D16006CB185 /* ArtistCollectionViewCell.h */,
				1B757B031C933D16006CB185 /* ArtistCollectionViewCell.m */,
				CAF431121C9666C2006129C0 /* AlbumCollectionViewCell.h */,
				CAF431131C9666C2006129C0 /* AlbumCollectionViewCell.m */,
				CAF431181C967115006129C0 /* TrackTableViewCell.h */,
				CAF431191C967115006129C0 /* TrackTableViewCell.m */,
			);
			name = TableViewCells;
			sourceTree = "<group>";
		};
		CAF430E91C8F95BD006129C0 = {
			isa = PBXGroup;
			children = (
				CAF430F41C8F95BD006129C0 /* Spotifiron-TabView */,
				CAF430F31C8F95BD006129C0 /* Products */,
			);
			sourceTree = "<group>";
		};
		CAF430F31C8F95BD006129C0 /* Products */ = {
			isa = PBXGroup;
			children = (
				CAF430F21C8F95BD006129C0 /* Spotifiron-TabView.app */,
			);
			name = Products;
			sourceTree = "<group>";
		};
		CAF430F41C8F95BD006129C0 /* Spotifiron-TabView */ = {
			isa = PBXGroup;
			children = (
				CAF430F81C8F95BD006129C0 /* AppDelegate.h */,
				CAF430F91C8F95BD006129C0 /* AppDelegate.m */,
				14BF23CA1C97516B00148463 /* Constants.h */,
				5EA617591C90E00800B086A6 /* Main.storyboard */,
				14CC60021C8FC22E0007BB74 /* View Controllers */,
				14CC60011C8FC21F0007BB74 /* Controllers */,
				14CC5FFA1C8FC0210007BB74 /* Models */,
				CAF431041C8F95BD006129C0 /* Assets.xcassets */,
				CAF431061C8F95BD006129C0 /* LaunchScreen.storyboard */,
				CAF431091C8F95BD006129C0 /* Info.plist */,
				CAF430F51C8F95BD006129C0 /* Supporting Files */,
			);
			path = "Spotifiron-TabView";
			sourceTree = "<group>";
		};
		CAF430F51C8F95BD006129C0 /* Supporting Files */ = {
			isa = PBXGroup;
			children = (
				CAF430F61C8F95BD006129C0 /* main.m */,
			);
			name = "Supporting Files";
			sourceTree = "<group>";
		};
/* End PBXGroup section */

/* Begin PBXNativeTarget section */
		CAF430F11C8F95BD006129C0 /* Spotifiron-TabView */ = {
			isa = PBXNativeTarget;
			buildConfigurationList = CAF4310C1C8F95BD006129C0 /* Build configuration list for PBXNativeTarget "Spotifiron-TabView" */;
			buildPhases = (
				CAF430EE1C8F95BD006129C0 /* Sources */,
				CAF430EF1C8F95BD006129C0 /* Frameworks */,
				CAF430F01C8F95BD006129C0 /* Resources */,
			);
			buildRules = (
			);
			dependencies = (
			);
			name = "Spotifiron-TabView";
			productName = "Spotifiron-TabView";
			productReference = CAF430F21C8F95BD006129C0 /* Spotifiron-TabView.app */;
			productType = "com.apple.product-type.application";
		};
/* End PBXNativeTarget section */

/* Begin PBXProject section */
		CAF430EA1C8F95BD006129C0 /* Project object */ = {
			isa = PBXProject;
			attributes = {
				LastUpgradeCheck = 0720;
				ORGANIZATIONNAME = "Bronson Dupaix";
				TargetAttributes = {
					CAF430F11C8F95BD006129C0 = {
						CreatedOnToolsVersion = 7.2.1;
						DevelopmentTeam = 86Z976V88Y;
					};
				};
			};
			buildConfigurationList = CAF430ED1C8F95BD006129C0 /* Build configuration list for PBXProject "Spotifiron-TabView" */;
			compatibilityVersion = "Xcode 3.2";
			developmentRegion = English;
			hasScannedForEncodings = 0;
			knownRegions = (
				en,
				Base,
			);
			mainGroup = CAF430E91C8F95BD006129C0;
			productRefGroup = CAF430F31C8F95BD006129C0 /* Products */;
			projectDirPath = "";
			projectRoot = "";
			targets = (
				CAF430F11C8F95BD006129C0 /* Spotifiron-TabView */,
			);
		};
/* End PBXProject section */

/* Begin PBXResourcesBuildPhase section */
		CAF430F01C8F95BD006129C0 /* Resources */ = {
			isa = PBXResourcesBuildPhase;
			buildActionMask = 2147483647;
			files = (
				5EA6175B1C90E00800B086A6 /* Main.storyboard in Resources */,
				CAF431081C8F95BD006129C0 /* LaunchScreen.storyboard in Resources */,
				CAF431051C8F95BD006129C0 /* Assets.xcassets in Resources */,
			);
			runOnlyForDeploymentPostprocessing = 0;
		};
/* End PBXResourcesBuildPhase section */

/* Begin PBXSourcesBuildPhase section */
		CAF430EE1C8F95BD006129C0 /* Sources */ = {
			isa = PBXSourcesBuildPhase;
			buildActionMask = 2147483647;
			files = (
				5EA617551C90DF9600B086A6 /* APIController.m in Sources */,
				14CC5FF91C8FC0160007BB74 /* Track.m in Sources */,
				CAF431001C8F95BD006129C0 /* SecondViewController.m in Sources */,
				CAF430FA1C8F95BD006129C0 /* AppDelegate.m in Sources */,
				1B757B011C921796006CB185 /* ThemeManager.m in Sources */,
				CAF431111C91F05B006129C0 /* TopTracksViewController.m in Sources */,
				CAF430FD1C8F95BD006129C0 /* FirstViewController.m in Sources */,
				CAF4311A1C967115006129C0 /* TrackTableViewCell.m in Sources */,
				CAF431141C9666C2006129C0 /* AlbumCollectionViewCell.m in Sources */,
				14CC5FF61C8FC0060007BB74 /* Album.m in Sources */,
				CAF430F71C8F95BD006129C0 /* main.m in Sources */,
				14CC5FF31C8FBFFB0007BB74 /* Artist.m in Sources */,
				14CC60001C8FC2170007BB74 /* DataStore.m in Sources */,
				1B757B041C933D16006CB185 /* ArtistCollectionViewCell.m in Sources */,
				CAF431171C966B50006129C0 /* SettingsViewController.m in Sources */,
			);
			runOnlyForDeploymentPostprocessing = 0;
		};
/* End PBXSourcesBuildPhase section */

/* Begin PBXVariantGroup section */
		5EA617591C90E00800B086A6 /* Main.storyboard */ = {
			isa = PBXVariantGroup;
			children = (
				5EA6175A1C90E00800B086A6 /* Base */,
			);
			name = Main.storyboard;
			sourceTree = "<group>";
		};
		CAF431061C8F95BD006129C0 /* LaunchScreen.storyboard */ = {
			isa = PBXVariantGroup;
			children = (
				CAF431071C8F95BD006129C0 /* Base */,
			);
			name = LaunchScreen.storyboard;
			sourceTree = "<group>";
		};
/* End PBXVariantGroup section */

/* Begin XCBuildConfiguration section */
		CAF4310A1C8F95BD006129C0 /* Debug */ = {
			isa = XCBuildConfiguration;
			buildSettings = {
				ALWAYS_SEARCH_USER_PATHS = NO;
				CLANG_CXX_LANGUAGE_STANDARD = "gnu++0x";
				CLANG_CXX_LIBRARY = "libc++";
				CLANG_ENABLE_MODULES = YES;
				CLANG_ENABLE_OBJC_ARC = YES;
				CLANG_WARN_BOOL_CONVERSION = YES;
				CLANG_WARN_CONSTANT_CONVERSION = YES;
				CLANG_WARN_DIRECT_OBJC_ISA_USAGE = YES_ERROR;
				CLANG_WARN_EMPTY_BODY = YES;
				CLANG_WARN_ENUM_CONVERSION = YES;
				CLANG_WARN_INT_CONVERSION = YES;
				CLANG_WARN_OBJC_ROOT_CLASS = YES_ERROR;
				CLANG_WARN_UNREACHABLE_CODE = YES;
				CLANG_WARN__DUPLICATE_METHOD_MATCH = YES;
				"CODE_SIGN_IDENTITY[sdk=iphoneos*]" = "iPhone Developer";
				COPY_PHASE_STRIP = NO;
				DEBUG_INFORMATION_FORMAT = dwarf;
				ENABLE_STRICT_OBJC_MSGSEND = YES;
				ENABLE_TESTABILITY = YES;
				GCC_C_LANGUAGE_STANDARD = gnu99;
				GCC_DYNAMIC_NO_PIC = NO;
				GCC_NO_COMMON_BLOCKS = YES;
				GCC_OPTIMIZATION_LEVEL = 0;
				GCC_PREPROCESSOR_DEFINITIONS = (
					"DEBUG=1",
					"$(inherited)",
				);
				GCC_WARN_64_TO_32_BIT_CONVERSION = YES;
				GCC_WARN_ABOUT_RETURN_TYPE = YES_ERROR;
				GCC_WARN_UNDECLARED_SELECTOR = YES;
				GCC_WARN_UNINITIALIZED_AUTOS = YES_AGGRESSIVE;
				GCC_WARN_UNUSED_FUNCTION = YES;
				GCC_WARN_UNUSED_VARIABLE = YES;
				IPHONEOS_DEPLOYMENT_TARGET = 9.2;
				MTL_ENABLE_DEBUG_INFO = YES;
				ONLY_ACTIVE_ARCH = YES;
				SDKROOT = iphoneos;
			};
			name = Debug;
		};
		CAF4310B1C8F95BD006129C0 /* Release */ = {
			isa = XCBuildConfiguration;
			buildSettings = {
				ALWAYS_SEARCH_USER_PATHS = NO;
				CLANG_CXX_LANGUAGE_STANDARD = "gnu++0x";
				CLANG_CXX_LIBRARY = "libc++";
				CLANG_ENABLE_MODULES = YES;
				CLANG_ENABLE_OBJC_ARC = YES;
				CLANG_WARN_BOOL_CONVERSION = YES;
				CLANG_WARN_CONSTANT_CONVERSION = YES;
				CLANG_WARN_DIRECT_OBJC_ISA_USAGE = YES_ERROR;
				CLANG_WARN_EMPTY_BODY = YES;
				CLANG_WARN_ENUM_CONVERSION = YES;
				CLANG_WARN_INT_CONVERSION = YES;
				CLANG_WARN_OBJC_ROOT_CLASS = YES_ERROR;
				CLANG_WARN_UNREACHABLE_CODE = YES;
				CLANG_WARN__DUPLICATE_METHOD_MATCH = YES;
				"CODE_SIGN_IDENTITY[sdk=iphoneos*]" = "iPhone Developer";
				COPY_PHASE_STRIP = NO;
				DEBUG_INFORMATION_FORMAT = "dwarf-with-dsym";
				ENABLE_NS_ASSERTIONS = NO;
				ENABLE_STRICT_OBJC_MSGSEND = YES;
				GCC_C_LANGUAGE_STANDARD = gnu99;
				GCC_NO_COMMON_BLOCKS = YES;
				GCC_WARN_64_TO_32_BIT_CONVERSION = YES;
				GCC_WARN_ABOUT_RETURN_TYPE = YES_ERROR;
				GCC_WARN_UNDECLARED_SELECTOR = YES;
				GCC_WARN_UNINITIALIZED_AUTOS = YES_AGGRESSIVE;
				GCC_WARN_UNUSED_FUNCTION = YES;
				GCC_WARN_UNUSED_VARIABLE = YES;
				IPHONEOS_DEPLOYMENT_TARGET = 9.2;
				MTL_ENABLE_DEBUG_INFO = NO;
				SDKROOT = iphoneos;
				VALIDATE_PRODUCT = YES;
			};
			name = Release;
		};
		CAF4310D1C8F95BD006129C0 /* Debug */ = {
			isa = XCBuildConfiguration;
			buildSettings = {
				ASSETCATALOG_COMPILER_APPICON_NAME = AppIcon;
				CODE_SIGN_IDENTITY = "iPhone Developer";
				INFOPLIST_FILE = "Spotifiron-TabView/Info.plist";
				LD_RUNPATH_SEARCH_PATHS = "$(inherited) @executable_path/Frameworks";
				PRODUCT_BUNDLE_IDENTIFIER = "BronxDupaix.Spotifiron-TabView";
				PRODUCT_NAME = "$(TARGET_NAME)";
			};
			name = Debug;
		};
		CAF4310E1C8F95BD006129C0 /* Release */ = {
			isa = XCBuildConfiguration;
			buildSettings = {
				ASSETCATALOG_COMPILER_APPICON_NAME = AppIcon;
				CODE_SIGN_IDENTITY = "iPhone Developer";
				INFOPLIST_FILE = "Spotifiron-TabView/Info.plist";
				LD_RUNPATH_SEARCH_PATHS = "$(inherited) @executable_path/Frameworks";
				PRODUCT_BUNDLE_IDENTIFIER = "BronxDupaix.Spotifiron-TabView";
				PRODUCT_NAME = "$(TARGET_NAME)";
			};
			name = Release;
		};
/* End XCBuildConfiguration section */

/* Begin XCConfigurationList section */
		CAF430ED1C8F95BD006129C0 /* Build configuration list for PBXProject "Spotifiron-TabView" */ = {
			isa = XCConfigurationList;
			buildConfigurations = (
				CAF4310A1C8F95BD006129C0 /* Debug */,
				CAF4310B1C8F95BD006129C0 /* Release */,
			);
			defaultConfigurationIsVisible = 0;
			defaultConfigurationName = Release;
		};
		CAF4310C1C8F95BD006129C0 /* Build configuration list for PBXNativeTarget "Spotifiron-TabView" */ = {
			isa = XCConfigurationList;
			buildConfigurations = (
				CAF4310D1C8F95BD006129C0 /* Debug */,
				CAF4310E1C8F95BD006129C0 /* Release */,
			);
			defaultConfigurationIsVisible = 0;
			defaultConfigurationName = Release;
		};
/* End XCConfigurationList section */
	};
	rootObject = CAF430EA1C8F95BD006129C0 /* Project object */;
}
